
Microsoft Visual Studio Solution File, Format Version 12.00
# Visual Studio Version 16
VisualStudioVersion = 16.0.31321.278
MinimumVisualStudioVersion = 10.0.40219.1
Project("{9A19103F-16F7-4668-BE54-9A1E7A4F7556}") = "GroceryStoreAPI", "GroceryStoreAPI\GroceryStoreAPI.csproj", "{471ACB33-0A48-406A-8735-F9E2ECBA8817}"
EndProject
Project("{9A19103F-16F7-4668-BE54-9A1E7A4F7556}") = "Grocery.Models", "Grocery.Models\Grocery.Models.csproj", "{C79DD210-BA11-4821-A739-929C58935160}"
EndProject
Project("{9A19103F-16F7-4668-BE54-9A1E7A4F7556}") = "Grocery.Service", "Grocery.Service\Grocery.Service.csproj", "{B5A9A3FD-568F-4F62-B169-6FF93EFF83F1}"
EndProject
Project("{9A19103F-16F7-4668-BE54-9A1E7A4F7556}") = "DBCore", "DBCore\DBCore.csproj", "{DF6B89AC-3005-4BD1-9CEC-5E3981ED2B8B}"
EndProject
Project("{FAE04EC0-301F-11D3-BF4B-00C04F79EFBC}") = "CustomerService.Test", "CustomerService.Test\CustomerService.Test.csproj", "{FC1A0FC2-1393-4413-A2F3-62D7564D88E4}"
EndProject
Global
	GlobalSection(SolutionConfigurationPlatforms) = preSolution
		Debug|Any CPU = Debug|Any CPU
		Release|Any CPU = Release|Any CPU
	EndGlobalSection
	GlobalSection(ProjectConfigurationPlatforms) = postSolution
		{471ACB33-0A48-406A-8735-F9E2ECBA8817}.Debug|Any CPU.ActiveCfg = Debug|Any CPU
		{471ACB33-0A48-406A-8735-F9E2ECBA8817}.Debug|Any CPU.Build.0 = Debug|Any CPU
		{471ACB33-0A48-406A-8735-F9E2ECBA8817}.Release|Any CPU.ActiveCfg = Release|Any CPU
		{471ACB33-0A48-406A-8735-F9E2ECBA8817}.Release|Any CPU.Build.0 = Release|Any CPU
		{C79DD210-BA11-4821-A739-929C58935160}.Debug|Any CPU.ActiveCfg = Debug|Any CPU
		{C79DD210-BA11-4821-A739-929C58935160}.Debug|Any CPU.Build.0 = Debug|Any CPU
		{C79DD210-BA11-4821-A739-929C58935160}.Release|Any CPU.ActiveCfg = Release|Any CPU
		{C79DD210-BA11-4821-A739-929C58935160}.Release|Any CPU.Build.0 = Release|Any CPU
		{B5A9A3FD-568F-4F62-B169-6FF93EFF83F1}.Debug|Any CPU.ActiveCfg = Debug|Any CPU
		{B5A9A3FD-568F-4F62-B169-6FF93EFF83F1}.Debug|Any CPU.Build.0 = Debug|Any CPU
		{B5A9A3FD-568F-4F62-B169-6FF93EFF83F1}.Release|Any CPU.ActiveCfg = Release|Any CPU
		{B5A9A3FD-568F-4F62-B169-6FF93EFF83F1}.Release|Any CPU.Build.0 = Release|Any CPU
		{DF6B89AC-3005-4BD1-9CEC-5E3981ED2B8B}.Debug|Any CPU.ActiveCfg = Debug|Any CPU
		{DF6B89AC-3005-4BD1-9CEC-5E3981ED2B8B}.Debug|Any CPU.Build.0 = Debug|Any CPU
		{DF6B89AC-3005-4BD1-9CEC-5E3981ED2B8B}.Release|Any CPU.ActiveCfg = Release|Any CPU
		{DF6B89AC-3005-4BD1-9CEC-5E3981ED2B8B}.Release|Any CPU.Build.0 = Release|Any CPU
		{FC1A0FC2-1393-4413-A2F3-62D7564D88E4}.Debug|Any CPU.ActiveCfg = Debug|Any CPU
		{FC1A0FC2-1393-4413-A2F3-62D7564D88E4}.Debug|Any CPU.Build.0 = Debug|Any CPU
		{FC1A0FC2-1393-4413-A2F3-62D7564D88E4}.Release|Any CPU.ActiveCfg = Release|Any CPU
		{FC1A0FC2-1393-4413-A2F3-62D7564D88E4}.Release|Any CPU.Build.0 = Release|Any CPU
	EndGlobalSection
	GlobalSection(SolutionProperties) = preSolution
		HideSolutionNode = FALSE
	EndGlobalSection
	GlobalSection(ExtensibilityGlobals) = postSolution
		SolutionGuid = {72187AA2-D41B-4C08-BB1E-BFD763AA9C2F}
	EndGlobalSection
EndGlobal
